
Microsoft Visual Studio Solution File, Format Version 12.00
# Visual Studio 15
VisualStudioVersion = 15.0.26228.4
MinimumVisualStudioVersion = 10.0.40219.1
Project("{FAE04EC0-301F-11D3-BF4B-00C04F79EFBC}") = "名古屋市医師会会員管理システム", "名古屋市医師会会員管理システム\名古屋市医師会会員管理システム.csproj", "{064672CA-BB13-42A2-A891-DCF31DECA6DB}"
EndProject
Global
	GlobalSection(SolutionConfigurationPlatforms) = preSolution
		Debug|Any CPU = Debug|Any CPU
		Release|Any CPU = Release|Any CPU
	EndGlobalSection
	GlobalSection(ProjectConfigurationPlatforms) = postSolution
		{064672CA-BB13-42A2-A891-DCF31DECA6DB}.Debug|Any CPU.ActiveCfg = Debug|Any CPU
		{064672CA-BB13-42A2-A891-DCF31DECA6DB}.Debug|Any CPU.Build.0 = Debug|Any CPU
		{064672CA-BB13-42A2-A891-DCF31DECA6DB}.Release|Any CPU.ActiveCfg = Release|Any CPU
		{064672CA-BB13-42A2-A891-DCF31DECA6DB}.Release|Any CPU.Build.0 = Release|Any CPU
	EndGlobalSection
	GlobalSection(SolutionProperties) = preSolution
		HideSolutionNode = FALSE
	EndGlobalSection
EndGlobal
